// !$*UTF8*$!
{
	archiveVersion = 1;
	classes = {
	};
	objectVersion = 56;
	objects = {

/* Begin PBXBuildFile section */
		4F108DCD2D2FA48F00F12233 /* MenuView.swift in Sources */ = {isa = PBXBuildFile; fileRef = 4F108DCC2D2FA48F00F12233 /* MenuView.swift */; };
		4F108DCF2D2FAC3900F12233 /* CaculatorView.swift in Sources */ = {isa = PBXBuildFile; fileRef = 4F108DCE2D2FAC3900F12233 /* CaculatorView.swift */; };
		4F12AD8A2D408F3400CEFAD4 /* Caculation.swift in Sources */ = {isa = PBXBuildFile; fileRef = 4F12AD892D408F3400CEFAD4 /* Caculation.swift */; };
		4F9C05872D154460003A5469 /* EasyWinApp.swift in Sources */ = {isa = PBXBuildFile; fileRef = 4F9C05862D154460003A5469 /* EasyWinApp.swift */; };
		4F9C058B2D154462003A5469 /* Assets.xcassets in Resources */ = {isa = PBXBuildFile; fileRef = 4F9C058A2D154462003A5469 /* Assets.xcassets */; };
		4F9C058E2D154462003A5469 /* Preview Assets.xcassets in Resources */ = {isa = PBXBuildFile; fileRef = 4F9C058D2D154462003A5469 /* Preview Assets.xcassets */; };
		4F9C05982D154462003A5469 /* EasyWinTests.swift in Sources */ = {isa = PBXBuildFile; fileRef = 4F9C05972D154462003A5469 /* EasyWinTests.swift */; };
		4F9C05A22D154462003A5469 /* EasyWinUITests.swift in Sources */ = {isa = PBXBuildFile; fileRef = 4F9C05A12D154462003A5469 /* EasyWinUITests.swift */; };
		4F9C05A42D154462003A5469 /* EasyWinUITestsLaunchTests.swift in Sources */ = {isa = PBXBuildFile; fileRef = 4F9C05A32D154462003A5469 /* EasyWinUITestsLaunchTests.swift */; };
		4F9C05B12D1544D5003A5469 /* EWCardModel.swift in Sources */ = {isa = PBXBuildFile; fileRef = 4F9C05B02D1544D5003A5469 /* EWCardModel.swift */; };
/* End PBXBuildFile section */

/* Begin PBXContainerItemProxy section */
		4F9C05942D154462003A5469 /* PBXContainerItemProxy */ = {
			isa = PBXContainerItemProxy;
			containerPortal = 4F9C057B2D154460003A5469 /* Project object */;
			proxyType = 1;
			remoteGlobalIDString = 4F9C05822D154460003A5469;
			remoteInfo = EasyWin;
		};
		4F9C059E2D154462003A5469 /* PBXContainerItemProxy */ = {
			isa = PBXContainerItemProxy;
			containerPortal = 4F9C057B2D154460003A5469 /* Project object */;
			proxyType = 1;
			remoteGlobalIDString = 4F9C05822D154460003A5469;
			remoteInfo = EasyWin;
		};
/* End PBXContainerItemProxy section */

/* Begin PBXFileReference section */
		4F108DCC2D2FA48F00F12233 /* MenuView.swift */ = {isa = PBXFileReference; lastKnownFileType = sourcecode.swift; path = MenuView.swift; sourceTree = "<group>"; };
		4F108DCE2D2FAC3900F12233 /* CaculatorView.swift */ = {isa = PBXFileReference; lastKnownFileType = sourcecode.swift; path = CaculatorView.swift; sourceTree = "<group>"; };
		4F12AD892D408F3400CEFAD4 /* Caculation.swift */ = {isa = PBXFileReference; lastKnownFileType = sourcecode.swift; path = Caculation.swift; sourceTree = "<group>"; };
		4F9C05832D154460003A5469 /* EasyWin.app */ = {isa = PBXFileReference; explicitFileType = wrapper.application; includeInIndex = 0; path = EasyWin.app; sourceTree = BUILT_PRODUCTS_DIR; };
		4F9C05862D154460003A5469 /* EasyWinApp.swift */ = {isa = PBXFileReference; lastKnownFileType = sourcecode.swift; path = EasyWinApp.swift; sourceTree = "<group>"; };
		4F9C058A2D154462003A5469 /* Assets.xcassets */ = {isa = PBXFileReference; lastKnownFileType = folder.assetcatalog; path = Assets.xcassets; sourceTree = "<group>"; };
		4F9C058D2D154462003A5469 /* Preview Assets.xcassets */ = {isa = PBXFileReference; lastKnownFileType = folder.assetcatalog; path = "Preview Assets.xcassets"; sourceTree = "<group>"; };
		4F9C05932D154462003A5469 /* EasyWinTests.xctest */ = {isa = PBXFileReference; explicitFileType = wrapper.cfbundle; includeInIndex = 0; path = EasyWinTests.xctest; sourceTree = BUILT_PRODUCTS_DIR; };
		4F9C05972D154462003A5469 /* EasyWinTests.swift */ = {isa = PBXFileReference; lastKnownFileType = sourcecode.swift; path = EasyWinTests.swift; sourceTree = "<group>"; };
		4F9C059D2D154462003A5469 /* EasyWinUITests.xctest */ = {isa = PBXFileReference; explicitFileType = wrapper.cfbundle; includeInIndex = 0; path = EasyWinUITests.xctest; sourceTree = BUILT_PRODUCTS_DIR; };
		4F9C05A12D154462003A5469 /* EasyWinUITests.swift */ = {isa = PBXFileReference; lastKnownFileType = sourcecode.swift; path = EasyWinUITests.swift; sourceTree = "<group>"; };
		4F9C05A32D154462003A5469 /* EasyWinUITestsLaunchTests.swift */ = {isa = PBXFileReference; lastKnownFileType = sourcecode.swift; path = EasyWinUITestsLaunchTests.swift; sourceTree = "<group>"; };
		4F9C05B02D1544D5003A5469 /* EWCardModel.swift */ = {isa = PBXFileReference; lastKnownFileType = sourcecode.swift; path = EWCardModel.swift; sourceTree = "<group>"; };
/* End PBXFileReference section */

/* Begin PBXFrameworksBuildPhase section */
		4F9C05802D154460003A5469 /* Frameworks */ = {
			isa = PBXFrameworksBuildPhase;
			buildActionMask = 2147483647;
			files = (
			);
			runOnlyForDeploymentPostprocessing = 0;
		};
		4F9C05902D154462003A5469 /* Frameworks */ = {
			isa = PBXFrameworksBuildPhase;
			buildActionMask = 2147483647;
			files = (
			);
			runOnlyForDeploymentPostprocessing = 0;
		};
		4F9C059A2D154462003A5469 /* Frameworks */ = {
			isa = PBXFrameworksBuildPhase;
			buildActionMask = 2147483647;
			files = (
			);
			runOnlyForDeploymentPostprocessing = 0;
		};
/* End PBXFrameworksBuildPhase section */

/* Begin PBXGroup section */
		4F9C057A2D154460003A5469 = {
			isa = PBXGroup;
			children = (
				4F9C05852D154460003A5469 /* EasyWin */,
				4F9C05962D154462003A5469 /* EasyWinTests */,
				4F9C05A02D154462003A5469 /* EasyWinUITests */,
				4F9C05842D154460003A5469 /* Products */,
			);
			sourceTree = "<group>";
		};
		4F9C05842D154460003A5469 /* Products */ = {
			isa = PBXGroup;
			children = (
				4F9C05832D154460003A5469 /* EasyWin.app */,
				4F9C05932D154462003A5469 /* EasyWinTests.xctest */,
				4F9C059D2D154462003A5469 /* EasyWinUITests.xctest */,
			);
			name = Products;
			sourceTree = "<group>";
		};
		4F9C05852D154460003A5469 /* EasyWin */ = {
			isa = PBXGroup;
			children = (
				4F9C05862D154460003A5469 /* EasyWinApp.swift */,
				4F12AD892D408F3400CEFAD4 /* Caculation.swift */,
				4F9C05B02D1544D5003A5469 /* EWCardModel.swift */,
				4F108DCC2D2FA48F00F12233 /* MenuView.swift */,
				4F108DCE2D2FAC3900F12233 /* CaculatorView.swift */,
				4F9C058A2D154462003A5469 /* Assets.xcassets */,
				4F9C058C2D154462003A5469 /* Preview Content */,
			);
			path = EasyWin;
			sourceTree = "<group>";
		};
		4F9C058C2D154462003A5469 /* Preview Content */ = {
			isa = PBXGroup;
			children = (
				4F9C058D2D154462003A5469 /* Preview Assets.xcassets */,
			);
			path = "Preview Content";
			sourceTree = "<group>";
		};
		4F9C05962D154462003A5469 /* EasyWinTests */ = {
			isa = PBXGroup;
			children = (
				4F9C05972D154462003A5469 /* EasyWinTests.swift */,
			);
			path = EasyWinTests;
			sourceTree = "<group>";
		};
		4F9C05A02D154462003A5469 /* EasyWinUITests */ = {
			isa = PBXGroup;
			children = (
				4F9C05A12D154462003A5469 /* EasyWinUITests.swift */,
				4F9C05A32D154462003A5469 /* EasyWinUITestsLaunchTests.swift */,
			);
			path = EasyWinUITests;
			sourceTree = "<group>";
		};
/* End PBXGroup section */

/* Begin PBXNativeTarget section */
		4F9C05822D154460003A5469 /* EasyWin */ = {
			isa = PBXNativeTarget;
			buildConfigurationList = 4F9C05A72D154462003A5469 /* Build configuration list for PBXNativeTarget "EasyWin" */;
			buildPhases = (
				4F9C057F2D154460003A5469 /* Sources */,
				4F9C05802D154460003A5469 /* Frameworks */,
				4F9C05812D154460003A5469 /* Resources */,
			);
			buildRules = (
			);
			dependencies = (
			);
			name = EasyWin;
			productName = EasyWin;
			productReference = 4F9C05832D154460003A5469 /* EasyWin.app */;
			productType = "com.apple.product-type.application";
		};
		4F9C05922D154462003A5469 /* EasyWinTests */ = {
			isa = PBXNativeTarget;
			buildConfigurationList = 4F9C05AA2D154462003A5469 /* Build configuration list for PBXNativeTarget "EasyWinTests" */;
			buildPhases = (
				4F9C058F2D154462003A5469 /* Sources */,
				4F9C05902D154462003A5469 /* Frameworks */,
				4F9C05912D154462003A5469 /* Resources */,
			);
			buildRules = (
			);
			dependencies = (
				4F9C05952D154462003A5469 /* PBXTargetDependency */,
			);
			name = EasyWinTests;
			productName = EasyWinTests;
			productReference = 4F9C05932D154462003A5469 /* EasyWinTests.xctest */;
			productType = "com.apple.product-type.bundle.unit-test";
		};
		4F9C059C2D154462003A5469 /* EasyWinUITests */ = {
			isa = PBXNativeTarget;
			buildConfigurationList = 4F9C05AD2D154462003A5469 /* Build configuration list for PBXNativeTarget "EasyWinUITests" */;
			buildPhases = (
				4F9C05992D154462003A5469 /* Sources */,
				4F9C059A2D154462003A5469 /* Frameworks */,
				4F9C059B2D154462003A5469 /* Resources */,
			);
			buildRules = (
			);
			dependencies = (
				4F9C059F2D154462003A5469 /* PBXTargetDependency */,
			);
			name = EasyWinUITests;
			productName = EasyWinUITests;
			productReference = 4F9C059D2D154462003A5469 /* EasyWinUITests.xctest */;
			productType = "com.apple.product-type.bundle.ui-testing";
		};
/* End PBXNativeTarget section */

/* Begin PBXProject section */
		4F9C057B2D154460003A5469 /* Project object */ = {
			isa = PBXProject;
			attributes = {
				BuildIndependentTargetsInParallel = 1;
				LastSwiftUpdateCheck = 1520;
				LastUpgradeCheck = 1520;
				TargetAttributes = {
					4F9C05822D154460003A5469 = {
						CreatedOnToolsVersion = 15.2;
					};
					4F9C05922D154462003A5469 = {
						CreatedOnToolsVersion = 15.2;
						TestTargetID = 4F9C05822D154460003A5469;
					};
					4F9C059C2D154462003A5469 = {
						CreatedOnToolsVersion = 15.2;
						TestTargetID = 4F9C05822D154460003A5469;
					};
				};
			};
			buildConfigurationList = 4F9C057E2D154460003A5469 /* Build configuration list for PBXProject "EasyWin" */;
			compatibilityVersion = "Xcode 14.0";
			developmentRegion = en;
			hasScannedForEncodings = 0;
			knownRegions = (
				en,
				Base,
			);
			mainGroup = 4F9C057A2D154460003A5469;
			productRefGroup = 4F9C05842D154460003A5469 /* Products */;
			projectDirPath = "";
			projectRoot = "";
			targets = (
				4F9C05822D154460003A5469 /* EasyWin */,
				4F9C05922D154462003A5469 /* EasyWinTests */,
				4F9C059C2D154462003A5469 /* EasyWinUITests */,
			);
		};
/* End PBXProject section */

/* Begin PBXResourcesBuildPhase section */
		4F9C05812D154460003A5469 /* Resources */ = {
			isa = PBXResourcesBuildPhase;
			buildActionMask = 2147483647;
			files = (
				4F9C058E2D154462003A5469 /* Preview Assets.xcassets in Resources */,
				4F9C058B2D154462003A5469 /* Assets.xcassets in Resources */,
			);
			runOnlyForDeploymentPostprocessing = 0;
		};
		4F9C05912D154462003A5469 /* Resources */ = {
			isa = PBXResourcesBuildPhase;
			buildActionMask = 2147483647;
			files = (
			);
			runOnlyForDeploymentPostprocessing = 0;
		};
		4F9C059B2D154462003A5469 /* Resources */ = {
			isa = PBXResourcesBuildPhase;
			buildActionMask = 2147483647;
			files = (
			);
			runOnlyForDeploymentPostprocessing = 0;
		};
/* End PBXResourcesBuildPhase section */

/* Begin PBXSourcesBuildPhase section */
		4F9C057F2D154460003A5469 /* Sources */ = {
			isa = PBXSourcesBuildPhase;
			buildActionMask = 2147483647;
			files = (
				4F108DCD2D2FA48F00F12233 /* MenuView.swift in Sources */,
				4F12AD8A2D408F3400CEFAD4 /* Caculation.swift in Sources */,
				4F9C05B12D1544D5003A5469 /* EWCardModel.swift in Sources */,
				4F108DCF2D2FAC3900F12233 /* CaculatorView.swift in Sources */,
				4F9C05872D154460003A5469 /* EasyWinApp.swift in Sources */,
			);
			runOnlyForDeploymentPostprocessing = 0;
		};
		4F9C058F2D154462003A5469 /* Sources */ = {
			isa = PBXSourcesBuildPhase;
			buildActionMask = 2147483647;
			files = (
				4F9C05982D154462003A5469 /* EasyWinTests.swift in Sources */,
			);
			runOnlyForDeploymentPostprocessing = 0;
		};
		4F9C05992D154462003A5469 /* Sources */ = {
			isa = PBXSourcesBuildPhase;
			buildActionMask = 2147483647;
			files = (
				4F9C05A22D154462003A5469 /* EasyWinUITests.swift in Sources */,
				4F9C05A42D154462003A5469 /* EasyWinUITestsLaunchTests.swift in Sources */,
			);
			runOnlyForDeploymentPostprocessing = 0;
		};
/* End PBXSourcesBuildPhase section */

/* Begin PBXTargetDependency section */
		4F9C05952D154462003A5469 /* PBXTargetDependency */ = {
			isa = PBXTargetDependency;
			target = 4F9C05822D154460003A5469 /* EasyWin */;
			targetProxy = 4F9C05942D154462003A5469 /* PBXContainerItemProxy */;
		};
		4F9C059F2D154462003A5469 /* PBXTargetDependency */ = {
			isa = PBXTargetDependency;
			target = 4F9C05822D154460003A5469 /* EasyWin */;
			targetProxy = 4F9C059E2D154462003A5469 /* PBXContainerItemProxy */;
		};
/* End PBXTargetDependency section */

/* Begin XCBuildConfiguration section */
		4F9C05A52D154462003A5469 /* Debug */ = {
			isa = XCBuildConfiguration;
			buildSettings = {
				ALWAYS_SEARCH_USER_PATHS = NO;
				ASSETCATALOG_COMPILER_GENERATE_SWIFT_ASSET_SYMBOL_EXTENSIONS = YES;
				CLANG_ANALYZER_NONNULL = YES;
				CLANG_ANALYZER_NUMBER_OBJECT_CONVERSION = YES_AGGRESSIVE;
				CLANG_CXX_LANGUAGE_STANDARD = "gnu++20";
				CLANG_ENABLE_MODULES = YES;
				CLANG_ENABLE_OBJC_ARC = YES;
				CLANG_ENABLE_OBJC_WEAK = YES;
				CLANG_WARN_BLOCK_CAPTURE_AUTORELEASING = YES;
				CLANG_WARN_BOOL_CONVERSION = YES;
				CLANG_WARN_COMMA = YES;
				CLANG_WARN_CONSTANT_CONVERSION = YES;
				CLANG_WARN_DEPRECATED_OBJC_IMPLEMENTATIONS = YES;
				CLANG_WARN_DIRECT_OBJC_ISA_USAGE = YES_ERROR;
				CLANG_WARN_DOCUMENTATION_COMMENTS = YES;
				CLANG_WARN_EMPTY_BODY = YES;
				CLANG_WARN_ENUM_CONVERSION = YES;
				CLANG_WARN_INFINITE_RECURSION = YES;
				CLANG_WARN_INT_CONVERSION = YES;
				CLANG_WARN_NON_LITERAL_NULL_CONVERSION = YES;
				CLANG_WARN_OBJC_IMPLICIT_RETAIN_SELF = YES;
				CLANG_WARN_OBJC_LITERAL_CONVERSION = YES;
				CLANG_WARN_OBJC_ROOT_CLASS = YES_ERROR;
				CLANG_WARN_QUOTED_INCLUDE_IN_FRAMEWORK_HEADER = YES;
				CLANG_WARN_RANGE_LOOP_ANALYSIS = YES;
				CLANG_WARN_STRICT_PROTOTYPES = YES;
				CLANG_WARN_SUSPICIOUS_MOVE = YES;
				CLANG_WARN_UNGUARDED_AVAILABILITY = YES_AGGRESSIVE;
				CLANG_WARN_UNREACHABLE_CODE = YES;
				CLANG_WARN__DUPLICATE_METHOD_MATCH = YES;
				COPY_PHASE_STRIP = NO;
				DEBUG_INFORMATION_FORMAT = dwarf;
				ENABLE_STRICT_OBJC_MSGSEND = YES;
				ENABLE_TESTABILITY = YES;
				ENABLE_USER_SCRIPT_SANDBOXING = YES;
				GCC_C_LANGUAGE_STANDARD = gnu17;
				GCC_DYNAMIC_NO_PIC = NO;
				GCC_NO_COMMON_BLOCKS = YES;
				GCC_OPTIMIZATION_LEVEL = 0;
				GCC_PREPROCESSOR_DEFINITIONS = (
					"DEBUG=1",
					"$(inherited)",
				);
				GCC_WARN_64_TO_32_BIT_CONVERSION = YES;
				GCC_WARN_ABOUT_RETURN_TYPE = YES_ERROR;
				GCC_WARN_UNDECLARED_SELECTOR = YES;
				GCC_WARN_UNINITIALIZED_AUTOS = YES_AGGRESSIVE;
				GCC_WARN_UNUSED_FUNCTION = YES;
				GCC_WARN_UNUSED_VARIABLE = YES;
				IPHONEOS_DEPLOYMENT_TARGET = 17.2;
				LOCALIZATION_PREFERS_STRING_CATALOGS = YES;
				MTL_ENABLE_DEBUG_INFO = INCLUDE_SOURCE;
				MTL_FAST_MATH = YES;
				ONLY_ACTIVE_ARCH = YES;
				SDKROOT = iphoneos;
				SWIFT_ACTIVE_COMPILATION_CONDITIONS = "DEBUG $(inherited)";
				SWIFT_OPTIMIZATION_LEVEL = "-Onone";
			};
			name = Debug;
		};
		4F9C05A62D154462003A5469 /* Release */ = {
			isa = XCBuildConfiguration;
			buildSettings = {
				ALWAYS_SEARCH_USER_PATHS = NO;
				ASSETCATALOG_COMPILER_GENERATE_SWIFT_ASSET_SYMBOL_EXTENSIONS = YES;
				CLANG_ANALYZER_NONNULL = YES;
				CLANG_ANALYZER_NUMBER_OBJECT_CONVERSION = YES_AGGRESSIVE;
				CLANG_CXX_LANGUAGE_STANDARD = "gnu++20";
				CLANG_ENABLE_MODULES = YES;
				CLANG_ENABLE_OBJC_ARC = YES;
				CLANG_ENABLE_OBJC_WEAK = YES;
				CLANG_WARN_BLOCK_CAPTURE_AUTORELEASING = YES;
				CLANG_WARN_BOOL_CONVERSION = YES;
				CLANG_WARN_COMMA = YES;
				CLANG_WARN_CONSTANT_CONVERSION = YES;
				CLANG_WARN_DEPRECATED_OBJC_IMPLEMENTATIONS = YES;
				CLANG_WARN_DIRECT_OBJC_ISA_USAGE = YES_ERROR;
				CLANG_WARN_DOCUMENTATION_COMMENTS = YES;
				CLANG_WARN_EMPTY_BODY = YES;
				CLANG_WARN_ENUM_CONVERSION = YES;
				CLANG_WARN_INFINITE_RECURSION = YES;
				CLANG_WARN_INT_CONVERSION = YES;
				CLANG_WARN_NON_LITERAL_NULL_CONVERSION = YES;
				CLANG_WARN_OBJC_IMPLICIT_RETAIN_SELF = YES;
				CLANG_WARN_OBJC_LITERAL_CONVERSION = YES;
				CLANG_WARN_OBJC_ROOT_CLASS = YES_ERROR;
				CLANG_WARN_QUOTED_INCLUDE_IN_FRAMEWORK_HEADER = YES;
				CLANG_WARN_RANGE_LOOP_ANALYSIS = YES;
				CLANG_WARN_STRICT_PROTOTYPES = YES;
				CLANG_WARN_SUSPICIOUS_MOVE = YES;
				CLANG_WARN_UNGUARDED_AVAILABILITY = YES_AGGRESSIVE;
				CLANG_WARN_UNREACHABLE_CODE = YES;
				CLANG_WARN__DUPLICATE_METHOD_MATCH = YES;
				COPY_PHASE_STRIP = NO;
				DEBUG_INFORMATION_FORMAT = "dwarf-with-dsym";
				ENABLE_NS_ASSERTIONS = NO;
				ENABLE_STRICT_OBJC_MSGSEND = YES;
				ENABLE_USER_SCRIPT_SANDBOXING = YES;
				GCC_C_LANGUAGE_STANDARD = gnu17;
				GCC_NO_COMMON_BLOCKS = YES;
				GCC_WARN_64_TO_32_BIT_CONVERSION = YES;
				GCC_WARN_ABOUT_RETURN_TYPE = YES_ERROR;
				GCC_WARN_UNDECLARED_SELECTOR = YES;
				GCC_WARN_UNINITIALIZED_AUTOS = YES_AGGRESSIVE;
				GCC_WARN_UNUSED_FUNCTION = YES;
				GCC_WARN_UNUSED_VARIABLE = YES;
				IPHONEOS_DEPLOYMENT_TARGET = 17.2;
				LOCALIZATION_PREFERS_STRING_CATALOGS = YES;
				MTL_ENABLE_DEBUG_INFO = NO;
				MTL_FAST_MATH = YES;
				SDKROOT = iphoneos;
				SWIFT_COMPILATION_MODE = wholemodule;
				VALIDATE_PRODUCT = YES;
			};
			name = Release;
		};
		4F9C05A82D154462003A5469 /* Debug */ = {
			isa = XCBuildConfiguration;
			buildSettings = {
				ASSETCATALOG_COMPILER_APPICON_NAME = AppIcon;
				ASSETCATALOG_COMPILER_GLOBAL_ACCENT_COLOR_NAME = AccentColor;
				CODE_SIGN_STYLE = Automatic;
				CURRENT_PROJECT_VERSION = 1;
				DEVELOPMENT_ASSET_PATHS = "\"EasyWin/Preview Content\"";
				DEVELOPMENT_TEAM = VAU75XWNB6;
				ENABLE_PREVIEWS = YES;
				GENERATE_INFOPLIST_FILE = YES;
				INFOPLIST_KEY_UIApplicationSceneManifest_Generation = YES;
				INFOPLIST_KEY_UIApplicationSupportsIndirectInputEvents = YES;
				INFOPLIST_KEY_UILaunchScreen_Generation = YES;
				INFOPLIST_KEY_UISupportedInterfaceOrientations_iPad = "UIInterfaceOrientationPortrait UIInterfaceOrientationPortraitUpsideDown UIInterfaceOrientationLandscapeLeft UIInterfaceOrientationLandscapeRight";
				INFOPLIST_KEY_UISupportedInterfaceOrientations_iPhone = "UIInterfaceOrientationPortrait UIInterfaceOrientationLandscapeLeft UIInterfaceOrientationLandscapeRight";
				LD_RUNPATH_SEARCH_PATHS = (
					"$(inherited)",
					"@executable_path/Frameworks",
				);
				MARKETING_VERSION = 1.0;
				PRODUCT_BUNDLE_IDENTIFIER = com.ac.evolution.EasyWin;
				PRODUCT_NAME = "$(TARGET_NAME)";
				SWIFT_EMIT_LOC_STRINGS = YES;
				SWIFT_VERSION = 5.0;
				TARGETED_DEVICE_FAMILY = "1,2";
			};
			name = Debug;
		};
		4F9C05A92D154462003A5469 /* Release */ = {
			isa = XCBuildConfiguration;
			buildSettings = {
				ASSETCATALOG_COMPILER_APPICON_NAME = AppIcon;
				ASSETCATALOG_COMPILER_GLOBAL_ACCENT_COLOR_NAME = AccentColor;
				CODE_SIGN_STYLE = Automatic;
				CURRENT_PROJECT_VERSION = 1;
				DEVELOPMENT_ASSET_PATHS = "\"EasyWin/Preview Content\"";
				DEVELOPMENT_TEAM = VAU75XWNB6;
				ENABLE_PREVIEWS = YES;
				GENERATE_INFOPLIST_FILE = YES;
				INFOPLIST_KEY_UIApplicationSceneManifest_Generation = YES;
				INFOPLIST_KEY_UIApplicationSupportsIndirectInputEvents = YES;
				INFOPLIST_KEY_UILaunchScreen_Generation = YES;
				INFOPLIST_KEY_UISupportedInterfaceOrientations_iPad = "UIInterfaceOrientationPortrait UIInterfaceOrientationPortraitUpsideDown UIInterfaceOrientationLandscapeLeft UIInterfaceOrientationLandscapeRight";
				INFOPLIST_KEY_UISupportedInterfaceOrientations_iPhone = "UIInterfaceOrientationPortrait UIInterfaceOrientationLandscapeLeft UIInterfaceOrientationLandscapeRight";
				LD_RUNPATH_SEARCH_PATHS = (
					"$(inherited)",
					"@executable_path/Frameworks",
				);
				MARKETING_VERSION = 1.0;
				PRODUCT_BUNDLE_IDENTIFIER = com.ac.evolution.EasyWin;
				PRODUCT_NAME = "$(TARGET_NAME)";
				SWIFT_EMIT_LOC_STRINGS = YES;
				SWIFT_VERSION = 5.0;
				TARGETED_DEVICE_FAMILY = "1,2";
			};
			name = Release;
		};
		4F9C05AB2D154462003A5469 /* Debug */ = {
			isa = XCBuildConfiguration;
			buildSettings = {
				ALWAYS_EMBED_SWIFT_STANDARD_LIBRARIES = YES;
				BUNDLE_LOADER = "$(TEST_HOST)";
				CODE_SIGN_STYLE = Automatic;
				CURRENT_PROJECT_VERSION = 1;
				DEVELOPMENT_TEAM = VAU75XWNB6;
				GENERATE_INFOPLIST_FILE = YES;
				IPHONEOS_DEPLOYMENT_TARGET = 17.2;
				MARKETING_VERSION = 1.0;
				PRODUCT_BUNDLE_IDENTIFIER = com.ac.evolution.EasyWinTests;
				PRODUCT_NAME = "$(TARGET_NAME)";
				SWIFT_EMIT_LOC_STRINGS = NO;
				SWIFT_VERSION = 5.0;
				TARGETED_DEVICE_FAMILY = "1,2";
				TEST_HOST = "$(BUILT_PRODUCTS_DIR)/EasyWin.app/$(BUNDLE_EXECUTABLE_FOLDER_PATH)/EasyWin";
			};
			name = Debug;
		};
		4F9C05AC2D154462003A5469 /* Release */ = {
			isa = XCBuildConfiguration;
			buildSettings = {
				ALWAYS_EMBED_SWIFT_STANDARD_LIBRARIES = YES;
				BUNDLE_LOADER = "$(TEST_HOST)";
				CODE_SIGN_STYLE = Automatic;
				CURRENT_PROJECT_VERSION = 1;
				DEVELOPMENT_TEAM = VAU75XWNB6;
				GENERATE_INFOPLIST_FILE = YES;
				IPHONEOS_DEPLOYMENT_TARGET = 17.2;
				MARKETING_VERSION = 1.0;
				PRODUCT_BUNDLE_IDENTIFIER = com.ac.evolution.EasyWinTests;
				PRODUCT_NAME = "$(TARGET_NAME)";
				SWIFT_EMIT_LOC_STRINGS = NO;
				SWIFT_VERSION = 5.0;
				TARGETED_DEVICE_FAMILY = "1,2";
				TEST_HOST = "$(BUILT_PRODUCTS_DIR)/EasyWin.app/$(BUNDLE_EXECUTABLE_FOLDER_PATH)/EasyWin";
			};
			name = Release;
		};
		4F9C05AE2D154462003A5469 /* Debug */ = {
			isa = XCBuildConfiguration;
			buildSettings = {
				ALWAYS_EMBED_SWIFT_STANDARD_LIBRARIES = YES;
				CODE_SIGN_STYLE = Automatic;
				CURRENT_PROJECT_VERSION = 1;
				DEVELOPMENT_TEAM = VAU75XWNB6;
				GENERATE_INFOPLIST_FILE = YES;
				MARKETING_VERSION = 1.0;
				PRODUCT_BUNDLE_IDENTIFIER = com.ac.evolution.EasyWinUITests;
				PRODUCT_NAME = "$(TARGET_NAME)";
				SWIFT_EMIT_LOC_STRINGS = NO;
				SWIFT_VERSION = 5.0;
				TARGETED_DEVICE_FAMILY = "1,2";
				TEST_TARGET_NAME = EasyWin;
			};
			name = Debug;
		};
		4F9C05AF2D154462003A5469 /* Release */ = {
			isa = XCBuildConfiguration;
			buildSettings = {
				ALWAYS_EMBED_SWIFT_STANDARD_LIBRARIES = YES;
				CODE_SIGN_STYLE = Automatic;
				CURRENT_PROJECT_VERSION = 1;
				DEVELOPMENT_TEAM = VAU75XWNB6;
				GENERATE_INFOPLIST_FILE = YES;
				MARKETING_VERSION = 1.0;
				PRODUCT_BUNDLE_IDENTIFIER = com.ac.evolution.EasyWinUITests;
				PRODUCT_NAME = "$(TARGET_NAME)";
				SWIFT_EMIT_LOC_STRINGS = NO;
				SWIFT_VERSION = 5.0;
				TARGETED_DEVICE_FAMILY = "1,2";
				TEST_TARGET_NAME = EasyWin;
			};
			name = Release;
		};
/* End XCBuildConfiguration section */

/* Begin XCConfigurationList section */
		4F9C057E2D154460003A5469 /* Build configuration list for PBXProject "EasyWin" */ = {
			isa = XCConfigurationList;
			buildConfigurations = (
				4F9C05A52D154462003A5469 /* Debug */,
				4F9C05A62D154462003A5469 /* Release */,
			);
			defaultConfigurationIsVisible = 0;
			defaultConfigurationName = Release;
		};
		4F9C05A72D154462003A5469 /* Build configuration list for PBXNativeTarget "EasyWin" */ = {
			isa = XCConfigurationList;
			buildConfigurations = (
				4F9C05A82D154462003A5469 /* Debug */,
				4F9C05A92D154462003A5469 /* Release */,
			);
			defaultConfigurationIsVisible = 0;
			defaultConfigurationName = Release;
		};
		4F9C05AA2D154462003A5469 /* Build configuration list for PBXNativeTarget "EasyWinTests" */ = {
			isa = XCConfigurationList;
			buildConfigurations = (
				4F9C05AB2D154462003A5469 /* Debug */,
				4F9C05AC2D154462003A5469 /* Release */,
			);
			defaultConfigurationIsVisible = 0;
			defaultConfigurationName = Release;
		};
		4F9C05AD2D154462003A5469 /* Build configuration list for PBXNativeTarget "EasyWinUITests" */ = {
			isa = XCConfigurationList;
			buildConfigurations = (
				4F9C05AE2D154462003A5469 /* Debug */,
				4F9C05AF2D154462003A5469 /* Release */,
			);
			defaultConfigurationIsVisible = 0;
			defaultConfigurationName = Release;
		};
/* End XCConfigurationList section */
	};
	rootObject = 4F9C057B2D154460003A5469 /* Project object */;
}
